
Microsoft Visual Studio Solution File, Format Version 12.00
# Visual Studio Version 17
VisualStudioVersion = 17.4.33122.133
MinimumVisualStudioVersion = 10.0.40219.1
Project("{9A19103F-16F7-4668-BE54-9A1E7A4F7556}") = "LocalServer.BLL", "LocalServer.BLL\LocalServer.BLL.csproj", "{9B46EF27-5D63-41D0-AD24-A3C7F8E50074}"
EndProject
Project("{9A19103F-16F7-4668-BE54-9A1E7A4F7556}") = "LocalServer.CLI", "LocalServer.CLI\LocalServer.CLI.csproj", "{6C3E50B8-615B-40E0-8E2B-243F14B0033D}"
EndProject
Project("{9A19103F-16F7-4668-BE54-9A1E7A4F7556}") = "LocalServer.DAL", "LocalServer.DAL\LocalServer.DAL.csproj", "{F5714A5F-590B-4711-8B31-AED757A761BF}"
EndProject
Project("{9A19103F-16F7-4668-BE54-9A1E7A4F7556}") = "LocalServer.DTO", "LocalServer.DTO\LocalServer.DTO.csproj", "{DDCDC126-5281-45CC-8783-7F54740C86DA}"
EndProject
Project("{9A19103F-16F7-4668-BE54-9A1E7A4F7556}") = "LocalServer.GUI", "LocalServer.GUI\LocalServer.GUI.csproj", "{E3006180-6993-4450-8FC9-30B6C945AA9C}"
EndProject
Project("{9A19103F-16F7-4668-BE54-9A1E7A4F7556}") = "WebApp", "WebApp\WebApp.csproj", "{951A5DE9-B3C2-43CE-82BD-04E831CD4EF5}"
EndProject
Project("{9A19103F-16F7-4668-BE54-9A1E7A4F7556}") = "WebApp.BLL", "WebApp.BLL\WebApp.BLL.csproj", "{7C926AD1-98A0-407E-894A-B7AAE57812C5}"
EndProject
Project("{9A19103F-16F7-4668-BE54-9A1E7A4F7556}") = "WebApp.DAL", "WebApp.DAL\WebApp.DAL.csproj", "{F36767E5-C381-4D50-BDC9-0A3A72DDBC25}"
EndProject
Project("{9A19103F-16F7-4668-BE54-9A1E7A4F7556}") = "WebApp.DTO", "WebApp.DTO\WebApp.DTO.csproj", "{C217FA91-A747-4FE7-989D-E42F3FC03359}"
EndProject
Project("{FAE04EC0-301F-11D3-BF4B-00C04F79EFBC}") = "AuthAPI", "AuthAPI\AuthAPI.csproj", "{1D04B154-00FF-475C-88DA-34881308298D}"
EndProject
Project("{FAE04EC0-301F-11D3-BF4B-00C04F79EFBC}") = "AuthAPI.DAL", "AuthAPI.DAL\AuthAPI.DAL.csproj", "{5AA98D34-1493-41D6-8351-5F5CD36BD651}"
EndProject
Project("{FAE04EC0-301F-11D3-BF4B-00C04F79EFBC}") = "AuthAPI.BLL", "AuthAPI.BLL\AuthAPI.BLL.csproj", "{FAFB48A2-AF46-4FE2-89DF-F39FDD8AF798}"
EndProject
Project("{FAE04EC0-301F-11D3-BF4B-00C04F79EFBC}") = "AuthAPI.DTO", "AuthAPI.DTO\AuthAPI.DTO.csproj", "{A2F458AA-FD1E-40AE-8A7B-EF1A8923A178}"
EndProject
Global
	GlobalSection(SolutionConfigurationPlatforms) = preSolution
		Debug|Any CPU = Debug|Any CPU
		Release|Any CPU = Release|Any CPU
	EndGlobalSection
	GlobalSection(ProjectConfigurationPlatforms) = postSolution
		{9B46EF27-5D63-41D0-AD24-A3C7F8E50074}.Debug|Any CPU.ActiveCfg = Debug|Any CPU
		{9B46EF27-5D63-41D0-AD24-A3C7F8E50074}.Debug|Any CPU.Build.0 = Debug|Any CPU
		{9B46EF27-5D63-41D0-AD24-A3C7F8E50074}.Release|Any CPU.ActiveCfg = Release|Any CPU
		{9B46EF27-5D63-41D0-AD24-A3C7F8E50074}.Release|Any CPU.Build.0 = Release|Any CPU
		{6C3E50B8-615B-40E0-8E2B-243F14B0033D}.Debug|Any CPU.ActiveCfg = Debug|Any CPU
		{6C3E50B8-615B-40E0-8E2B-243F14B0033D}.Debug|Any CPU.Build.0 = Debug|Any CPU
		{6C3E50B8-615B-40E0-8E2B-243F14B0033D}.Release|Any CPU.ActiveCfg = Release|Any CPU
		{6C3E50B8-615B-40E0-8E2B-243F14B0033D}.Release|Any CPU.Build.0 = Release|Any CPU
		{F5714A5F-590B-4711-8B31-AED757A761BF}.Debug|Any CPU.ActiveCfg = Debug|Any CPU
		{F5714A5F-590B-4711-8B31-AED757A761BF}.Debug|Any CPU.Build.0 = Debug|Any CPU
		{F5714A5F-590B-4711-8B31-AED757A761BF}.Release|Any CPU.ActiveCfg = Release|Any CPU
		{F5714A5F-590B-4711-8B31-AED757A761BF}.Release|Any CPU.Build.0 = Release|Any CPU
		{DDCDC126-5281-45CC-8783-7F54740C86DA}.Debug|Any CPU.ActiveCfg = Debug|Any CPU
		{DDCDC126-5281-45CC-8783-7F54740C86DA}.Debug|Any CPU.Build.0 = Debug|Any CPU
		{DDCDC126-5281-45CC-8783-7F54740C86DA}.Release|Any CPU.ActiveCfg = Release|Any CPU
		{DDCDC126-5281-45CC-8783-7F54740C86DA}.Release|Any CPU.Build.0 = Release|Any CPU
		{E3006180-6993-4450-8FC9-30B6C945AA9C}.Debug|Any CPU.ActiveCfg = Debug|Any CPU
		{E3006180-6993-4450-8FC9-30B6C945AA9C}.Debug|Any CPU.Build.0 = Debug|Any CPU
		{E3006180-6993-4450-8FC9-30B6C945AA9C}.Release|Any CPU.ActiveCfg = Release|Any CPU
		{E3006180-6993-4450-8FC9-30B6C945AA9C}.Release|Any CPU.Build.0 = Release|Any CPU
		{951A5DE9-B3C2-43CE-82BD-04E831CD4EF5}.Debug|Any CPU.ActiveCfg = Debug|Any CPU
		{951A5DE9-B3C2-43CE-82BD-04E831CD4EF5}.Debug|Any CPU.Build.0 = Debug|Any CPU
		{951A5DE9-B3C2-43CE-82BD-04E831CD4EF5}.Release|Any CPU.ActiveCfg = Release|Any CPU
		{951A5DE9-B3C2-43CE-82BD-04E831CD4EF5}.Release|Any CPU.Build.0 = Release|Any CPU
		{7C926AD1-98A0-407E-894A-B7AAE57812C5}.Debug|Any CPU.ActiveCfg = Debug|Any CPU
		{7C926AD1-98A0-407E-894A-B7AAE57812C5}.Debug|Any CPU.Build.0 = Debug|Any CPU
		{7C926AD1-98A0-407E-894A-B7AAE57812C5}.Release|Any CPU.ActiveCfg = Release|Any CPU
		{7C926AD1-98A0-407E-894A-B7AAE57812C5}.Release|Any CPU.Build.0 = Release|Any CPU
		{F36767E5-C381-4D50-BDC9-0A3A72DDBC25}.Debug|Any CPU.ActiveCfg = Debug|Any CPU
		{F36767E5-C381-4D50-BDC9-0A3A72DDBC25}.Debug|Any CPU.Build.0 = Debug|Any CPU
		{F36767E5-C381-4D50-BDC9-0A3A72DDBC25}.Release|Any CPU.ActiveCfg = Release|Any CPU
		{F36767E5-C381-4D50-BDC9-0A3A72DDBC25}.Release|Any CPU.Build.0 = Release|Any CPU
		{C217FA91-A747-4FE7-989D-E42F3FC03359}.Debug|Any CPU.ActiveCfg = Debug|Any CPU
		{C217FA91-A747-4FE7-989D-E42F3FC03359}.Debug|Any CPU.Build.0 = Debug|Any CPU
		{C217FA91-A747-4FE7-989D-E42F3FC03359}.Release|Any CPU.ActiveCfg = Release|Any CPU
		{C217FA91-A747-4FE7-989D-E42F3FC03359}.Release|Any CPU.Build.0 = Release|Any CPU
		{1D04B154-00FF-475C-88DA-34881308298D}.Debug|Any CPU.ActiveCfg = Debug|Any CPU
		{1D04B154-00FF-475C-88DA-34881308298D}.Debug|Any CPU.Build.0 = Debug|Any CPU
		{1D04B154-00FF-475C-88DA-34881308298D}.Release|Any CPU.ActiveCfg = Release|Any CPU
		{1D04B154-00FF-475C-88DA-34881308298D}.Release|Any CPU.Build.0 = Release|Any CPU
		{5AA98D34-1493-41D6-8351-5F5CD36BD651}.Debug|Any CPU.ActiveCfg = Debug|Any CPU
		{5AA98D34-1493-41D6-8351-5F5CD36BD651}.Debug|Any CPU.Build.0 = Debug|Any CPU
		{5AA98D34-1493-41D6-8351-5F5CD36BD651}.Release|Any CPU.ActiveCfg = Release|Any CPU
		{5AA98D34-1493-41D6-8351-5F5CD36BD651}.Release|Any CPU.Build.0 = Release|Any CPU
		{FAFB48A2-AF46-4FE2-89DF-F39FDD8AF798}.Debug|Any CPU.ActiveCfg = Debug|Any CPU
		{FAFB48A2-AF46-4FE2-89DF-F39FDD8AF798}.Debug|Any CPU.Build.0 = Debug|Any CPU
		{FAFB48A2-AF46-4FE2-89DF-F39FDD8AF798}.Release|Any CPU.ActiveCfg = Release|Any CPU
		{FAFB48A2-AF46-4FE2-89DF-F39FDD8AF798}.Release|Any CPU.Build.0 = Release|Any CPU
		{A2F458AA-FD1E-40AE-8A7B-EF1A8923A178}.Debug|Any CPU.ActiveCfg = Debug|Any CPU
		{A2F458AA-FD1E-40AE-8A7B-EF1A8923A178}.Debug|Any CPU.Build.0 = Debug|Any CPU
		{A2F458AA-FD1E-40AE-8A7B-EF1A8923A178}.Release|Any CPU.ActiveCfg = Release|Any CPU
		{A2F458AA-FD1E-40AE-8A7B-EF1A8923A178}.Release|Any CPU.Build.0 = Release|Any CPU
	EndGlobalSection
	GlobalSection(SolutionProperties) = preSolution
		HideSolutionNode = FALSE
	EndGlobalSection
	GlobalSection(ExtensibilityGlobals) = postSolution
		SolutionGuid = {7EBB32AD-E9D4-4F66-BA8A-D5D913CF441F}
	EndGlobalSection
EndGlobal
