
Microsoft Visual Studio Solution File, Format Version 12.00
# Visual Studio Version 17
VisualStudioVersion = 17.4.33122.133
MinimumVisualStudioVersion = 10.0.40219.1
Project("{9A19103F-16F7-4668-BE54-9A1E7A4F7556}") = "IOT-Home-Security", "IOT-Home-Security\IOT-Home-Security.csproj", "{EF35D911-1781-493C-9A44-76C3EE4F6C1E}"
EndProject
Project("{9A19103F-16F7-4668-BE54-9A1E7A4F7556}") = "LocalServer.CLI", "LocalServer\LocalServer.CLI.csproj", "{3534C57A-300F-48DE-9A83-8D4C4D88C084}"
EndProject
Project("{9A19103F-16F7-4668-BE54-9A1E7A4F7556}") = "LocalServer.BLL", "LocalServerLogic\LocalServer.BLL.csproj", "{3C4359BC-4528-4E3B-8512-0FA0E0905A55}"
EndProject
Project("{9A19103F-16F7-4668-BE54-9A1E7A4F7556}") = "LocalServer.DAL", "DataAccessLayer\LocalServer.DAL.csproj", "{11BAF584-DC55-47F6-8612-1FF92DC2243C}"
EndProject
Project("{9A19103F-16F7-4668-BE54-9A1E7A4F7556}") = "LocalServer.GUI", "LocalServerGUI\LocalServer.GUI.csproj", "{D230DA78-1FC8-49B0-855A-AAC558CEC496}"
EndProject
Project("{9A19103F-16F7-4668-BE54-9A1E7A4F7556}") = "LocalServer.DTO", "LocalServerModels\LocalServer.DTO.csproj", "{D4628603-9005-4FD4-9FFD-F49782490A69}"
EndProject
Project("{9A19103F-16F7-4668-BE54-9A1E7A4F7556}") = "GlobalServer", "GlobalServer\GlobalServer.csproj", "{4AD23BAE-7AD0-4224-A487-1CDE7031BA89}"
EndProject
Project("{FAE04EC0-301F-11D3-BF4B-00C04F79EFBC}") = "GlobalServer.DAL", "GlobalServer.DAL\GlobalServer.DAL.csproj", "{0062805D-6027-4302-8EDF-9D30E7387EA1}"
EndProject
Global
	GlobalSection(SolutionConfigurationPlatforms) = preSolution
		Debug|Any CPU = Debug|Any CPU
		Release|Any CPU = Release|Any CPU
	EndGlobalSection
	GlobalSection(ProjectConfigurationPlatforms) = postSolution
		{EF35D911-1781-493C-9A44-76C3EE4F6C1E}.Debug|Any CPU.ActiveCfg = Debug|Any CPU
		{EF35D911-1781-493C-9A44-76C3EE4F6C1E}.Debug|Any CPU.Build.0 = Debug|Any CPU
		{EF35D911-1781-493C-9A44-76C3EE4F6C1E}.Release|Any CPU.ActiveCfg = Release|Any CPU
		{EF35D911-1781-493C-9A44-76C3EE4F6C1E}.Release|Any CPU.Build.0 = Release|Any CPU
		{3534C57A-300F-48DE-9A83-8D4C4D88C084}.Debug|Any CPU.ActiveCfg = Debug|Any CPU
		{3534C57A-300F-48DE-9A83-8D4C4D88C084}.Debug|Any CPU.Build.0 = Debug|Any CPU
		{3534C57A-300F-48DE-9A83-8D4C4D88C084}.Release|Any CPU.ActiveCfg = Release|Any CPU
		{3534C57A-300F-48DE-9A83-8D4C4D88C084}.Release|Any CPU.Build.0 = Release|Any CPU
		{3C4359BC-4528-4E3B-8512-0FA0E0905A55}.Debug|Any CPU.ActiveCfg = Debug|Any CPU
		{3C4359BC-4528-4E3B-8512-0FA0E0905A55}.Debug|Any CPU.Build.0 = Debug|Any CPU
		{3C4359BC-4528-4E3B-8512-0FA0E0905A55}.Release|Any CPU.ActiveCfg = Release|Any CPU
		{3C4359BC-4528-4E3B-8512-0FA0E0905A55}.Release|Any CPU.Build.0 = Release|Any CPU
		{11BAF584-DC55-47F6-8612-1FF92DC2243C}.Debug|Any CPU.ActiveCfg = Debug|Any CPU
		{11BAF584-DC55-47F6-8612-1FF92DC2243C}.Debug|Any CPU.Build.0 = Debug|Any CPU
		{11BAF584-DC55-47F6-8612-1FF92DC2243C}.Release|Any CPU.ActiveCfg = Release|Any CPU
		{11BAF584-DC55-47F6-8612-1FF92DC2243C}.Release|Any CPU.Build.0 = Release|Any CPU
		{D230DA78-1FC8-49B0-855A-AAC558CEC496}.Debug|Any CPU.ActiveCfg = Debug|Any CPU
		{D230DA78-1FC8-49B0-855A-AAC558CEC496}.Debug|Any CPU.Build.0 = Debug|Any CPU
		{D230DA78-1FC8-49B0-855A-AAC558CEC496}.Release|Any CPU.ActiveCfg = Release|Any CPU
		{D230DA78-1FC8-49B0-855A-AAC558CEC496}.Release|Any CPU.Build.0 = Release|Any CPU
		{D4628603-9005-4FD4-9FFD-F49782490A69}.Debug|Any CPU.ActiveCfg = Debug|Any CPU
		{D4628603-9005-4FD4-9FFD-F49782490A69}.Debug|Any CPU.Build.0 = Debug|Any CPU
		{D4628603-9005-4FD4-9FFD-F49782490A69}.Release|Any CPU.ActiveCfg = Release|Any CPU
		{D4628603-9005-4FD4-9FFD-F49782490A69}.Release|Any CPU.Build.0 = Release|Any CPU
		{4AD23BAE-7AD0-4224-A487-1CDE7031BA89}.Debug|Any CPU.ActiveCfg = Debug|Any CPU
		{4AD23BAE-7AD0-4224-A487-1CDE7031BA89}.Debug|Any CPU.Build.0 = Debug|Any CPU
		{4AD23BAE-7AD0-4224-A487-1CDE7031BA89}.Release|Any CPU.ActiveCfg = Release|Any CPU
		{4AD23BAE-7AD0-4224-A487-1CDE7031BA89}.Release|Any CPU.Build.0 = Release|Any CPU
		{0062805D-6027-4302-8EDF-9D30E7387EA1}.Debug|Any CPU.ActiveCfg = Debug|Any CPU
		{0062805D-6027-4302-8EDF-9D30E7387EA1}.Debug|Any CPU.Build.0 = Debug|Any CPU
		{0062805D-6027-4302-8EDF-9D30E7387EA1}.Release|Any CPU.ActiveCfg = Release|Any CPU
		{0062805D-6027-4302-8EDF-9D30E7387EA1}.Release|Any CPU.Build.0 = Release|Any CPU
	EndGlobalSection
	GlobalSection(SolutionProperties) = preSolution
		HideSolutionNode = FALSE
	EndGlobalSection
	GlobalSection(ExtensibilityGlobals) = postSolution
		SolutionGuid = {7EBB32AD-E9D4-4F66-BA8A-D5D913CF441F}
	EndGlobalSection
EndGlobal
