
Microsoft Visual Studio Solution File, Format Version 12.00
# Visual Studio Version 17
VisualStudioVersion = 17.4.33122.133
MinimumVisualStudioVersion = 10.0.40219.1
Project("{9A19103F-16F7-4668-BE54-9A1E7A4F7556}") = "LocalServer.BLL", "LocalServer.BLL\LocalServer.BLL.csproj", "{9B46EF27-5D63-41D0-AD24-A3C7F8E50074}"
EndProject
Project("{9A19103F-16F7-4668-BE54-9A1E7A4F7556}") = "LocalServer.CLI", "LocalServer.CLI\LocalServer.CLI.csproj", "{6C3E50B8-615B-40E0-8E2B-243F14B0033D}"
EndProject
Project("{9A19103F-16F7-4668-BE54-9A1E7A4F7556}") = "LocalServer.DAL", "LocalServer.DAL\LocalServer.DAL.csproj", "{F5714A5F-590B-4711-8B31-AED757A761BF}"
EndProject
Project("{9A19103F-16F7-4668-BE54-9A1E7A4F7556}") = "LocalServer.DTO", "LocalServer.DTO\LocalServer.DTO.csproj", "{DDCDC126-5281-45CC-8783-7F54740C86DA}"
EndProject
Project("{9A19103F-16F7-4668-BE54-9A1E7A4F7556}") = "LocalServer.GUI", "LocalServer.GUI\LocalServer.GUI.csproj", "{E3006180-6993-4450-8FC9-30B6C945AA9C}"
EndProject
Project("{9A19103F-16F7-4668-BE54-9A1E7A4F7556}") = "BridgeAPI", "BridgeAPI\BridgeAPI.csproj", "{6184CF09-9671-4992-92CE-C0BE1318B86C}"
EndProject
Project("{9A19103F-16F7-4668-BE54-9A1E7A4F7556}") = "BridgeAPI.BLL", "BridgeAPI.BLL\BridgeAPI.BLL.csproj", "{46856EB8-5951-4419-9BC7-59532637AF80}"
EndProject
Project("{9A19103F-16F7-4668-BE54-9A1E7A4F7556}") = "BridgeAPI.DAL", "BridgeAPI.DAL\BridgeAPI.DAL.csproj", "{F91E12F3-D5BB-4943-8D82-5BD2A0FF1F74}"
EndProject
Project("{9A19103F-16F7-4668-BE54-9A1E7A4F7556}") = "BridgeAPI.DTO", "BridgeAPI.DTO\BridgeAPI.DTO.csproj", "{8C4C2CE1-11B0-43F4-8336-AF1B16BFBF34}"
EndProject
Project("{9A19103F-16F7-4668-BE54-9A1E7A4F7556}") = "WebApp", "WebApp\WebApp.csproj", "{ECE4CD18-69E3-426F-9CD4-444982C52CFD}"
EndProject
Project("{FAE04EC0-301F-11D3-BF4B-00C04F79EFBC}") = "WebApp.DAL", "WebApp.DAL\WebApp.DAL.csproj", "{5408F70B-170B-458B-AAA0-301FE769498A}"
EndProject
Project("{FAE04EC0-301F-11D3-BF4B-00C04F79EFBC}") = "WebApp.BLL", "WebApp.BLL\WebApp.BLL.csproj", "{C35842D3-109D-438F-8F72-1483C537CBFF}"
EndProject
Project("{FAE04EC0-301F-11D3-BF4B-00C04F79EFBC}") = "WebApp.DTO", "WebApp.DTO\WebApp.DTO.csproj", "{F5E0090F-E622-4CD6-BA88-CDE67594BDD2}"
EndProject
Global
	GlobalSection(SolutionConfigurationPlatforms) = preSolution
		Debug|Any CPU = Debug|Any CPU
		Release|Any CPU = Release|Any CPU
	EndGlobalSection
	GlobalSection(ProjectConfigurationPlatforms) = postSolution
		{9B46EF27-5D63-41D0-AD24-A3C7F8E50074}.Debug|Any CPU.ActiveCfg = Debug|Any CPU
		{9B46EF27-5D63-41D0-AD24-A3C7F8E50074}.Debug|Any CPU.Build.0 = Debug|Any CPU
		{9B46EF27-5D63-41D0-AD24-A3C7F8E50074}.Release|Any CPU.ActiveCfg = Release|Any CPU
		{9B46EF27-5D63-41D0-AD24-A3C7F8E50074}.Release|Any CPU.Build.0 = Release|Any CPU
		{6C3E50B8-615B-40E0-8E2B-243F14B0033D}.Debug|Any CPU.ActiveCfg = Debug|Any CPU
		{6C3E50B8-615B-40E0-8E2B-243F14B0033D}.Debug|Any CPU.Build.0 = Debug|Any CPU
		{6C3E50B8-615B-40E0-8E2B-243F14B0033D}.Release|Any CPU.ActiveCfg = Release|Any CPU
		{6C3E50B8-615B-40E0-8E2B-243F14B0033D}.Release|Any CPU.Build.0 = Release|Any CPU
		{F5714A5F-590B-4711-8B31-AED757A761BF}.Debug|Any CPU.ActiveCfg = Debug|Any CPU
		{F5714A5F-590B-4711-8B31-AED757A761BF}.Debug|Any CPU.Build.0 = Debug|Any CPU
		{F5714A5F-590B-4711-8B31-AED757A761BF}.Release|Any CPU.ActiveCfg = Release|Any CPU
		{F5714A5F-590B-4711-8B31-AED757A761BF}.Release|Any CPU.Build.0 = Release|Any CPU
		{DDCDC126-5281-45CC-8783-7F54740C86DA}.Debug|Any CPU.ActiveCfg = Debug|Any CPU
		{DDCDC126-5281-45CC-8783-7F54740C86DA}.Debug|Any CPU.Build.0 = Debug|Any CPU
		{DDCDC126-5281-45CC-8783-7F54740C86DA}.Release|Any CPU.ActiveCfg = Release|Any CPU
		{DDCDC126-5281-45CC-8783-7F54740C86DA}.Release|Any CPU.Build.0 = Release|Any CPU
		{E3006180-6993-4450-8FC9-30B6C945AA9C}.Debug|Any CPU.ActiveCfg = Debug|Any CPU
		{E3006180-6993-4450-8FC9-30B6C945AA9C}.Debug|Any CPU.Build.0 = Debug|Any CPU
		{E3006180-6993-4450-8FC9-30B6C945AA9C}.Release|Any CPU.ActiveCfg = Release|Any CPU
		{E3006180-6993-4450-8FC9-30B6C945AA9C}.Release|Any CPU.Build.0 = Release|Any CPU
		{6184CF09-9671-4992-92CE-C0BE1318B86C}.Debug|Any CPU.ActiveCfg = Debug|Any CPU
		{6184CF09-9671-4992-92CE-C0BE1318B86C}.Debug|Any CPU.Build.0 = Debug|Any CPU
		{6184CF09-9671-4992-92CE-C0BE1318B86C}.Release|Any CPU.ActiveCfg = Release|Any CPU
		{6184CF09-9671-4992-92CE-C0BE1318B86C}.Release|Any CPU.Build.0 = Release|Any CPU
		{46856EB8-5951-4419-9BC7-59532637AF80}.Debug|Any CPU.ActiveCfg = Debug|Any CPU
		{46856EB8-5951-4419-9BC7-59532637AF80}.Debug|Any CPU.Build.0 = Debug|Any CPU
		{46856EB8-5951-4419-9BC7-59532637AF80}.Release|Any CPU.ActiveCfg = Release|Any CPU
		{46856EB8-5951-4419-9BC7-59532637AF80}.Release|Any CPU.Build.0 = Release|Any CPU
		{F91E12F3-D5BB-4943-8D82-5BD2A0FF1F74}.Debug|Any CPU.ActiveCfg = Debug|Any CPU
		{F91E12F3-D5BB-4943-8D82-5BD2A0FF1F74}.Debug|Any CPU.Build.0 = Debug|Any CPU
		{F91E12F3-D5BB-4943-8D82-5BD2A0FF1F74}.Release|Any CPU.ActiveCfg = Release|Any CPU
		{F91E12F3-D5BB-4943-8D82-5BD2A0FF1F74}.Release|Any CPU.Build.0 = Release|Any CPU
		{8C4C2CE1-11B0-43F4-8336-AF1B16BFBF34}.Debug|Any CPU.ActiveCfg = Debug|Any CPU
		{8C4C2CE1-11B0-43F4-8336-AF1B16BFBF34}.Debug|Any CPU.Build.0 = Debug|Any CPU
		{8C4C2CE1-11B0-43F4-8336-AF1B16BFBF34}.Release|Any CPU.ActiveCfg = Release|Any CPU
		{8C4C2CE1-11B0-43F4-8336-AF1B16BFBF34}.Release|Any CPU.Build.0 = Release|Any CPU
		{ECE4CD18-69E3-426F-9CD4-444982C52CFD}.Debug|Any CPU.ActiveCfg = Debug|Any CPU
		{ECE4CD18-69E3-426F-9CD4-444982C52CFD}.Debug|Any CPU.Build.0 = Debug|Any CPU
		{ECE4CD18-69E3-426F-9CD4-444982C52CFD}.Release|Any CPU.ActiveCfg = Release|Any CPU
		{ECE4CD18-69E3-426F-9CD4-444982C52CFD}.Release|Any CPU.Build.0 = Release|Any CPU
		{5408F70B-170B-458B-AAA0-301FE769498A}.Debug|Any CPU.ActiveCfg = Debug|Any CPU
		{5408F70B-170B-458B-AAA0-301FE769498A}.Debug|Any CPU.Build.0 = Debug|Any CPU
		{5408F70B-170B-458B-AAA0-301FE769498A}.Release|Any CPU.ActiveCfg = Release|Any CPU
		{5408F70B-170B-458B-AAA0-301FE769498A}.Release|Any CPU.Build.0 = Release|Any CPU
		{C35842D3-109D-438F-8F72-1483C537CBFF}.Debug|Any CPU.ActiveCfg = Debug|Any CPU
		{C35842D3-109D-438F-8F72-1483C537CBFF}.Debug|Any CPU.Build.0 = Debug|Any CPU
		{C35842D3-109D-438F-8F72-1483C537CBFF}.Release|Any CPU.ActiveCfg = Release|Any CPU
		{C35842D3-109D-438F-8F72-1483C537CBFF}.Release|Any CPU.Build.0 = Release|Any CPU
		{F5E0090F-E622-4CD6-BA88-CDE67594BDD2}.Debug|Any CPU.ActiveCfg = Debug|Any CPU
		{F5E0090F-E622-4CD6-BA88-CDE67594BDD2}.Debug|Any CPU.Build.0 = Debug|Any CPU
		{F5E0090F-E622-4CD6-BA88-CDE67594BDD2}.Release|Any CPU.ActiveCfg = Release|Any CPU
		{F5E0090F-E622-4CD6-BA88-CDE67594BDD2}.Release|Any CPU.Build.0 = Release|Any CPU
	EndGlobalSection
	GlobalSection(SolutionProperties) = preSolution
		HideSolutionNode = FALSE
	EndGlobalSection
	GlobalSection(ExtensibilityGlobals) = postSolution
		SolutionGuid = {7EBB32AD-E9D4-4F66-BA8A-D5D913CF441F}
	EndGlobalSection
EndGlobal
